
Microsoft Visual Studio Solution File, Format Version 12.00
# Visual Studio Version 17
VisualStudioVersion = 17.9.34622.214
MinimumVisualStudioVersion = 10.0.40219.1
Project("{9A19103F-16F7-4668-BE54-9A1E7A4F7556}") = "signalR_Project", "signalR_Project\signalR_Project.csproj", "{1E3DA268-F48E-4879-8C1B-190E90A36802}"
EndProject
Project("{9A19103F-16F7-4668-BE54-9A1E7A4F7556}") = "BlazorClient", "BlazorClient\BlazorClient.csproj", "{39861ADD-77DE-4990-8E2F-47358AE2EFCD}"
EndProject
Project("{9A19103F-16F7-4668-BE54-9A1E7A4F7556}") = "ConsoleClient", "ConsoleClient\ConsoleClient.csproj", "{2FF969C3-828F-4EB7-9B11-AAD03E425F93}"
EndProject
Project("{FAE04EC0-301F-11D3-BF4B-00C04F79EFBC}") = "Client-WebSocket", "Client-WebSocket\Client-WebSocket.csproj", "{CE7C298A-88FB-4EE6-A381-5DF6B235F4B1}"
EndProject
Global
	GlobalSection(SolutionConfigurationPlatforms) = preSolution
		Debug|Any CPU = Debug|Any CPU
		Release|Any CPU = Release|Any CPU
	EndGlobalSection
	GlobalSection(ProjectConfigurationPlatforms) = postSolution
		{1E3DA268-F48E-4879-8C1B-190E90A36802}.Debug|Any CPU.ActiveCfg = Debug|Any CPU
		{1E3DA268-F48E-4879-8C1B-190E90A36802}.Debug|Any CPU.Build.0 = Debug|Any CPU
		{1E3DA268-F48E-4879-8C1B-190E90A36802}.Release|Any CPU.ActiveCfg = Release|Any CPU
		{1E3DA268-F48E-4879-8C1B-190E90A36802}.Release|Any CPU.Build.0 = Release|Any CPU
		{39861ADD-77DE-4990-8E2F-47358AE2EFCD}.Debug|Any CPU.ActiveCfg = Debug|Any CPU
		{39861ADD-77DE-4990-8E2F-47358AE2EFCD}.Debug|Any CPU.Build.0 = Debug|Any CPU
		{39861ADD-77DE-4990-8E2F-47358AE2EFCD}.Release|Any CPU.ActiveCfg = Release|Any CPU
		{39861ADD-77DE-4990-8E2F-47358AE2EFCD}.Release|Any CPU.Build.0 = Release|Any CPU
		{2FF969C3-828F-4EB7-9B11-AAD03E425F93}.Debug|Any CPU.ActiveCfg = Debug|Any CPU
		{2FF969C3-828F-4EB7-9B11-AAD03E425F93}.Debug|Any CPU.Build.0 = Debug|Any CPU
		{2FF969C3-828F-4EB7-9B11-AAD03E425F93}.Release|Any CPU.ActiveCfg = Release|Any CPU
		{2FF969C3-828F-4EB7-9B11-AAD03E425F93}.Release|Any CPU.Build.0 = Release|Any CPU
		{CE7C298A-88FB-4EE6-A381-5DF6B235F4B1}.Debug|Any CPU.ActiveCfg = Debug|Any CPU
		{CE7C298A-88FB-4EE6-A381-5DF6B235F4B1}.Debug|Any CPU.Build.0 = Debug|Any CPU
		{CE7C298A-88FB-4EE6-A381-5DF6B235F4B1}.Release|Any CPU.ActiveCfg = Release|Any CPU
		{CE7C298A-88FB-4EE6-A381-5DF6B235F4B1}.Release|Any CPU.Build.0 = Release|Any CPU
	EndGlobalSection
	GlobalSection(SolutionProperties) = preSolution
		HideSolutionNode = FALSE
	EndGlobalSection
	GlobalSection(ExtensibilityGlobals) = postSolution
		SolutionGuid = {98C32A2A-303E-4AEB-A7F9-9747ED3653E3}
	EndGlobalSection
EndGlobal
